
Microsoft Visual Studio Solution File, Format Version 12.00
# Visual Studio 15
VisualStudioVersion = 15.0.28010.2026
MinimumVisualStudioVersion = 10.0.40219.1
Project("{FAE04EC0-301F-11D3-BF4B-00C04F79EFBC}") = "remote_server", "remote\remote_server.csproj", "{D02529E4-5F0F-438E-BD65-BCC32E157DE6}"
EndProject
Project("{FAE04EC0-301F-11D3-BF4B-00C04F79EFBC}") = "common", "common\common.csproj", "{B656D4BA-C447-4E5A-AFCA-0CAA2E1083EE}"
EndProject
Project("{FAE04EC0-301F-11D3-BF4B-00C04F79EFBC}") = "remote_client", "remote_client\remote_client.csproj", "{971BD8BD-DDE4-4979-952D-C53CB814AD8F}"
EndProject
Global
	GlobalSection(SolutionConfigurationPlatforms) = preSolution
		Debug|Any CPU = Debug|Any CPU
		Release|Any CPU = Release|Any CPU
	EndGlobalSection
	GlobalSection(ProjectConfigurationPlatforms) = postSolution
		{D02529E4-5F0F-438E-BD65-BCC32E157DE6}.Debug|Any CPU.ActiveCfg = Debug|Any CPU
		{D02529E4-5F0F-438E-BD65-BCC32E157DE6}.Debug|Any CPU.Build.0 = Debug|Any CPU
		{D02529E4-5F0F-438E-BD65-BCC32E157DE6}.Release|Any CPU.ActiveCfg = Release|Any CPU
		{D02529E4-5F0F-438E-BD65-BCC32E157DE6}.Release|Any CPU.Build.0 = Release|Any CPU
		{B656D4BA-C447-4E5A-AFCA-0CAA2E1083EE}.Debug|Any CPU.ActiveCfg = Debug|Any CPU
		{B656D4BA-C447-4E5A-AFCA-0CAA2E1083EE}.Debug|Any CPU.Build.0 = Debug|Any CPU
		{B656D4BA-C447-4E5A-AFCA-0CAA2E1083EE}.Release|Any CPU.ActiveCfg = Release|Any CPU
		{B656D4BA-C447-4E5A-AFCA-0CAA2E1083EE}.Release|Any CPU.Build.0 = Release|Any CPU
		{971BD8BD-DDE4-4979-952D-C53CB814AD8F}.Debug|Any CPU.ActiveCfg = Debug|Any CPU
		{971BD8BD-DDE4-4979-952D-C53CB814AD8F}.Debug|Any CPU.Build.0 = Debug|Any CPU
		{971BD8BD-DDE4-4979-952D-C53CB814AD8F}.Release|Any CPU.ActiveCfg = Release|Any CPU
		{971BD8BD-DDE4-4979-952D-C53CB814AD8F}.Release|Any CPU.Build.0 = Release|Any CPU
	EndGlobalSection
	GlobalSection(SolutionProperties) = preSolution
		HideSolutionNode = FALSE
	EndGlobalSection
	GlobalSection(ExtensibilityGlobals) = postSolution
		SolutionGuid = {ACFB5443-FEA3-43AB-B664-DC6CE4019E8E}
	EndGlobalSection
EndGlobal
